// !$*UTF8*$!
{
	archiveVersion = 1;
	classes = {
	};
	objectVersion = 50;
	objects = {

/* Begin PBXBuildFile section */
		BC13AA042175E957003B0D9D /* APIs.swift in Sources */ = {isa = PBXBuildFile; fileRef = BC13AA032175E957003B0D9D /* APIs.swift */; };
		BC13AA062175EA4A003B0D9D /* MediaList.swift in Sources */ = {isa = PBXBuildFile; fileRef = BC13AA052175EA4A003B0D9D /* MediaList.swift */; };
		BC13AA082175EB03003B0D9D /* MediaCell.swift in Sources */ = {isa = PBXBuildFile; fileRef = BC13AA072175EB03003B0D9D /* MediaCell.swift */; };
		BC13AA0A2175EC1E003B0D9D /* MediaDataModel.swift in Sources */ = {isa = PBXBuildFile; fileRef = BC13AA092175EC1E003B0D9D /* MediaDataModel.swift */; };
		BC13AA0D2175FF84003B0D9D /* SupportingAssociationsList.swift in Sources */ = {isa = PBXBuildFile; fileRef = BC13AA0C2175FF84003B0D9D /* SupportingAssociationsList.swift */; };
		BC13AA10217600F7003B0D9D /* SupportingAssociatesCell1.swift in Sources */ = {isa = PBXBuildFile; fileRef = BC13AA0F217600F7003B0D9D /* SupportingAssociatesCell1.swift */; };
		BC13AA1221760115003B0D9D /* SupportingAssociatesCell2.swift in Sources */ = {isa = PBXBuildFile; fileRef = BC13AA1121760115003B0D9D /* SupportingAssociatesCell2.swift */; };
		BC13AA14217603AB003B0D9D /* SupportingAssociatesDataModel1.swift in Sources */ = {isa = PBXBuildFile; fileRef = BC13AA13217603AB003B0D9D /* SupportingAssociatesDataModel1.swift */; };
		BC13AA17217749A7003B0D9D /* PastEventsDataModel.swift in Sources */ = {isa = PBXBuildFile; fileRef = BC13AA16217749A7003B0D9D /* PastEventsDataModel.swift */; };
		BC13AA1921774A54003B0D9D /* PastEventsCell.swift in Sources */ = {isa = PBXBuildFile; fileRef = BC13AA1821774A54003B0D9D /* PastEventsCell.swift */; };
		BC13AA1B21774B1E003B0D9D /* PastEventsViewController.swift in Sources */ = {isa = PBXBuildFile; fileRef = BC13AA1A21774B1E003B0D9D /* PastEventsViewController.swift */; };
		BC13AA1E21775C40003B0D9D /* CXOGolfViewController.swift in Sources */ = {isa = PBXBuildFile; fileRef = BC13AA1D21775C40003B0D9D /* CXOGolfViewController.swift */; };
		BC13AA2021775C6C003B0D9D /* CXORoundtableViewController.swift in Sources */ = {isa = PBXBuildFile; fileRef = BC13AA1F21775C6C003B0D9D /* CXORoundtableViewController.swift */; };
		BC13AA2321775C8D003B0D9D /* ReimagineViewController.swift in Sources */ = {isa = PBXBuildFile; fileRef = BC13AA2221775C8D003B0D9D /* ReimagineViewController.swift */; };
		BC13AA2621776E95003B0D9D /* ConferenceAgendaViewController.swift in Sources */ = {isa = PBXBuildFile; fileRef = BC13AA2521776E95003B0D9D /* ConferenceAgendaViewController.swift */; };
		BC13AA2821776EB7003B0D9D /* AgendaDataModel.swift in Sources */ = {isa = PBXBuildFile; fileRef = BC13AA2721776EB7003B0D9D /* AgendaDataModel.swift */; };
		BC25775F21786B7500F27C4A /* AgendaCell.swift in Sources */ = {isa = PBXBuildFile; fileRef = BC25775E21786B7500F27C4A /* AgendaCell.swift */; };
		BC2577612178914700F27C4A /* CXORegistrationForm.swift in Sources */ = {isa = PBXBuildFile; fileRef = BC2577602178914700F27C4A /* CXORegistrationForm.swift */; };
		BC2577632178964200F27C4A /* RoundtableRegistrationForm.swift in Sources */ = {isa = PBXBuildFile; fileRef = BC2577622178964200F27C4A /* RoundtableRegistrationForm.swift */; };
		BC257765217898E600F27C4A /* ReimagineForm.swift in Sources */ = {isa = PBXBuildFile; fileRef = BC257764217898E600F27C4A /* ReimagineForm.swift */; };
		BC25776B2178C18D00F27C4A /* LoginPage.swift in Sources */ = {isa = PBXBuildFile; fileRef = BC25776A2178C18D00F27C4A /* LoginPage.swift */; };
		BC4CA1F1217498450073E21E /* HelpDeskViewController.swift in Sources */ = {isa = PBXBuildFile; fileRef = BC4CA1F0217498450073E21E /* HelpDeskViewController.swift */; };
		BC4CA1F52174C3330073E21E /* SpeakerCell.swift in Sources */ = {isa = PBXBuildFile; fileRef = BC4CA1F42174C3330073E21E /* SpeakerCell.swift */; };
		BC610B9F216F9411007AC403 /* SpeakerList.swift in Sources */ = {isa = PBXBuildFile; fileRef = BC610B9E216F9411007AC403 /* SpeakerList.swift */; };
		BC610BA1216FA9E5007AC403 /* SpeakerDataModel.swift in Sources */ = {isa = PBXBuildFile; fileRef = BC610BA0216FA9E5007AC403 /* SpeakerDataModel.swift */; };
		BC610BA721700F04007AC403 /* PartnershipViewController.swift in Sources */ = {isa = PBXBuildFile; fileRef = BC610BA621700F04007AC403 /* PartnershipViewController.swift */; };
		BC610BA921700FAB007AC403 /* BookYourSpaceViewController.swift in Sources */ = {isa = PBXBuildFile; fileRef = BC610BA821700FAB007AC403 /* BookYourSpaceViewController.swift */; };
		BC610BAB217010B5007AC403 /* AttendTheConferenceViewController.swift in Sources */ = {isa = PBXBuildFile; fileRef = BC610BAA217010B5007AC403 /* AttendTheConferenceViewController.swift */; };
		BCCD4A15216E1A5A00EC330C /* FestivalLineup.swift in Sources */ = {isa = PBXBuildFile; fileRef = BCCD4A14216E1A5A00EC330C /* FestivalLineup.swift */; };
		BCEA6487217A74A300E42084 /* ConferenceAgendaViewController2.swift in Sources */ = {isa = PBXBuildFile; fileRef = BCEA6486217A74A300E42084 /* ConferenceAgendaViewController2.swift */; };
		BCF20107216C6ADB00C9E49C /* AppDelegate.swift in Sources */ = {isa = PBXBuildFile; fileRef = BCF20106216C6ADB00C9E49C /* AppDelegate.swift */; };
		BCF20109216C6ADB00C9E49C /* ViewController.swift in Sources */ = {isa = PBXBuildFile; fileRef = BCF20108216C6ADB00C9E49C /* ViewController.swift */; };
		BCF2010C216C6ADB00C9E49C /* Main.storyboard in Resources */ = {isa = PBXBuildFile; fileRef = BCF2010A216C6ADB00C9E49C /* Main.storyboard */; };
		BCF2010E216C6AE100C9E49C /* Assets.xcassets in Resources */ = {isa = PBXBuildFile; fileRef = BCF2010D216C6AE100C9E49C /* Assets.xcassets */; };
		BCF20111216C6AE100C9E49C /* LaunchScreen.storyboard in Resources */ = {isa = PBXBuildFile; fileRef = BCF2010F216C6AE100C9E49C /* LaunchScreen.storyboard */; };
		EC6195D848ECE0CD9F50EEA2 /* Pods_Vizag_Fintech_Festival.framework in Frameworks */ = {isa = PBXBuildFile; fileRef = 22D453E09BD68DB0AB45F90D /* Pods_Vizag_Fintech_Festival.framework */; };
/* End PBXBuildFile section */

/* Begin PBXFileReference section */
		22D453E09BD68DB0AB45F90D /* Pods_Vizag_Fintech_Festival.framework */ = {isa = PBXFileReference; explicitFileType = wrapper.framework; includeInIndex = 0; path = Pods_Vizag_Fintech_Festival.framework; sourceTree = BUILT_PRODUCTS_DIR; };
		4F70C9189ECCC0481565CA31 /* Pods-Vizag Fintech Festival.release.xcconfig */ = {isa = PBXFileReference; includeInIndex = 1; lastKnownFileType = text.xcconfig; name = "Pods-Vizag Fintech Festival.release.xcconfig"; path = "Target Support Files/Pods-Vizag Fintech Festival/Pods-Vizag Fintech Festival.release.xcconfig"; sourceTree = "<group>"; };
		7379C29FD24254F46D65EB40 /* Pods-Vizag Fintech Festival.debug.xcconfig */ = {isa = PBXFileReference; includeInIndex = 1; lastKnownFileType = text.xcconfig; name = "Pods-Vizag Fintech Festival.debug.xcconfig"; path = "Target Support Files/Pods-Vizag Fintech Festival/Pods-Vizag Fintech Festival.debug.xcconfig"; sourceTree = "<group>"; };
		BC13AA032175E957003B0D9D /* APIs.swift */ = {isa = PBXFileReference; lastKnownFileType = sourcecode.swift; path = APIs.swift; sourceTree = "<group>"; };
		BC13AA052175EA4A003B0D9D /* MediaList.swift */ = {isa = PBXFileReference; lastKnownFileType = sourcecode.swift; path = MediaList.swift; sourceTree = "<group>"; };
		BC13AA072175EB03003B0D9D /* MediaCell.swift */ = {isa = PBXFileReference; lastKnownFileType = sourcecode.swift; path = MediaCell.swift; sourceTree = "<group>"; };
		BC13AA092175EC1E003B0D9D /* MediaDataModel.swift */ = {isa = PBXFileReference; lastKnownFileType = sourcecode.swift; path = MediaDataModel.swift; sourceTree = "<group>"; };
		BC13AA0C2175FF84003B0D9D /* SupportingAssociationsList.swift */ = {isa = PBXFileReference; lastKnownFileType = sourcecode.swift; path = SupportingAssociationsList.swift; sourceTree = "<group>"; };
		BC13AA0F217600F7003B0D9D /* SupportingAssociatesCell1.swift */ = {isa = PBXFileReference; lastKnownFileType = sourcecode.swift; path = SupportingAssociatesCell1.swift; sourceTree = "<group>"; };
		BC13AA1121760115003B0D9D /* SupportingAssociatesCell2.swift */ = {isa = PBXFileReference; lastKnownFileType = sourcecode.swift; path = SupportingAssociatesCell2.swift; sourceTree = "<group>"; };
		BC13AA13217603AB003B0D9D /* SupportingAssociatesDataModel1.swift */ = {isa = PBXFileReference; lastKnownFileType = sourcecode.swift; path = SupportingAssociatesDataModel1.swift; sourceTree = "<group>"; };
		BC13AA16217749A7003B0D9D /* PastEventsDataModel.swift */ = {isa = PBXFileReference; lastKnownFileType = sourcecode.swift; path = PastEventsDataModel.swift; sourceTree = "<group>"; };
		BC13AA1821774A54003B0D9D /* PastEventsCell.swift */ = {isa = PBXFileReference; lastKnownFileType = sourcecode.swift; path = PastEventsCell.swift; sourceTree = "<group>"; };
		BC13AA1A21774B1E003B0D9D /* PastEventsViewController.swift */ = {isa = PBXFileReference; lastKnownFileType = sourcecode.swift; path = PastEventsViewController.swift; sourceTree = "<group>"; };
		BC13AA1D21775C40003B0D9D /* CXOGolfViewController.swift */ = {isa = PBXFileReference; lastKnownFileType = sourcecode.swift; path = CXOGolfViewController.swift; sourceTree = "<group>"; };
		BC13AA1F21775C6C003B0D9D /* CXORoundtableViewController.swift */ = {isa = PBXFileReference; lastKnownFileType = sourcecode.swift; path = CXORoundtableViewController.swift; sourceTree = "<group>"; };
		BC13AA2221775C8D003B0D9D /* ReimagineViewController.swift */ = {isa = PBXFileReference; lastKnownFileType = sourcecode.swift; path = ReimagineViewController.swift; sourceTree = "<group>"; };
		BC13AA2521776E95003B0D9D /* ConferenceAgendaViewController.swift */ = {isa = PBXFileReference; lastKnownFileType = sourcecode.swift; path = ConferenceAgendaViewController.swift; sourceTree = "<group>"; };
		BC13AA2721776EB7003B0D9D /* AgendaDataModel.swift */ = {isa = PBXFileReference; lastKnownFileType = sourcecode.swift; path = AgendaDataModel.swift; sourceTree = "<group>"; };
		BC25775E21786B7500F27C4A /* AgendaCell.swift */ = {isa = PBXFileReference; lastKnownFileType = sourcecode.swift; path = AgendaCell.swift; sourceTree = "<group>"; };
		BC2577602178914700F27C4A /* CXORegistrationForm.swift */ = {isa = PBXFileReference; lastKnownFileType = sourcecode.swift; path = CXORegistrationForm.swift; sourceTree = "<group>"; };
		BC2577622178964200F27C4A /* RoundtableRegistrationForm.swift */ = {isa = PBXFileReference; lastKnownFileType = sourcecode.swift; path = RoundtableRegistrationForm.swift; sourceTree = "<group>"; };
		BC257764217898E600F27C4A /* ReimagineForm.swift */ = {isa = PBXFileReference; lastKnownFileType = sourcecode.swift; path = ReimagineForm.swift; sourceTree = "<group>"; };
		BC25776A2178C18D00F27C4A /* LoginPage.swift */ = {isa = PBXFileReference; lastKnownFileType = sourcecode.swift; path = LoginPage.swift; sourceTree = "<group>"; };
		BC4CA1F0217498450073E21E /* HelpDeskViewController.swift */ = {isa = PBXFileReference; lastKnownFileType = sourcecode.swift; path = HelpDeskViewController.swift; sourceTree = "<group>"; };
		BC4CA1F42174C3330073E21E /* SpeakerCell.swift */ = {isa = PBXFileReference; lastKnownFileType = sourcecode.swift; path = SpeakerCell.swift; sourceTree = "<group>"; };
		BC610B9E216F9411007AC403 /* SpeakerList.swift */ = {isa = PBXFileReference; lastKnownFileType = sourcecode.swift; path = SpeakerList.swift; sourceTree = "<group>"; };
		BC610BA0216FA9E5007AC403 /* SpeakerDataModel.swift */ = {isa = PBXFileReference; lastKnownFileType = sourcecode.swift; path = SpeakerDataModel.swift; sourceTree = "<group>"; };
		BC610BA621700F04007AC403 /* PartnershipViewController.swift */ = {isa = PBXFileReference; lastKnownFileType = sourcecode.swift; path = PartnershipViewController.swift; sourceTree = "<group>"; };
		BC610BA821700FAB007AC403 /* BookYourSpaceViewController.swift */ = {isa = PBXFileReference; lastKnownFileType = sourcecode.swift; path = BookYourSpaceViewController.swift; sourceTree = "<group>"; };
		BC610BAA217010B5007AC403 /* AttendTheConferenceViewController.swift */ = {isa = PBXFileReference; lastKnownFileType = sourcecode.swift; path = AttendTheConferenceViewController.swift; sourceTree = "<group>"; };
		BCCD4A14216E1A5A00EC330C /* FestivalLineup.swift */ = {isa = PBXFileReference; lastKnownFileType = sourcecode.swift; path = FestivalLineup.swift; sourceTree = "<group>"; };
		BCEA6486217A74A300E42084 /* ConferenceAgendaViewController2.swift */ = {isa = PBXFileReference; lastKnownFileType = sourcecode.swift; path = ConferenceAgendaViewController2.swift; sourceTree = "<group>"; };
		BCF20103216C6ADB00C9E49C /* Vizag Fintech Festival.app */ = {isa = PBXFileReference; explicitFileType = wrapper.application; includeInIndex = 0; path = "Vizag Fintech Festival.app"; sourceTree = BUILT_PRODUCTS_DIR; };
		BCF20106216C6ADB00C9E49C /* AppDelegate.swift */ = {isa = PBXFileReference; lastKnownFileType = sourcecode.swift; path = AppDelegate.swift; sourceTree = "<group>"; };
		BCF20108216C6ADB00C9E49C /* ViewController.swift */ = {isa = PBXFileReference; lastKnownFileType = sourcecode.swift; path = ViewController.swift; sourceTree = "<group>"; };
		BCF2010B216C6ADB00C9E49C /* Base */ = {isa = PBXFileReference; lastKnownFileType = file.storyboard; name = Base; path = Base.lproj/Main.storyboard; sourceTree = "<group>"; };
		BCF2010D216C6AE100C9E49C /* Assets.xcassets */ = {isa = PBXFileReference; lastKnownFileType = folder.assetcatalog; path = Assets.xcassets; sourceTree = "<group>"; };
		BCF20110216C6AE100C9E49C /* Base */ = {isa = PBXFileReference; lastKnownFileType = file.storyboard; name = Base; path = Base.lproj/LaunchScreen.storyboard; sourceTree = "<group>"; };
		BCF20112216C6AE100C9E49C /* Info.plist */ = {isa = PBXFileReference; lastKnownFileType = text.plist.xml; path = Info.plist; sourceTree = "<group>"; };
/* End PBXFileReference section */

/* Begin PBXFrameworksBuildPhase section */
		BCF20100216C6ADB00C9E49C /* Frameworks */ = {
			isa = PBXFrameworksBuildPhase;
			buildActionMask = 2147483647;
			files = (
				EC6195D848ECE0CD9F50EEA2 /* Pods_Vizag_Fintech_Festival.framework in Frameworks */,
			);
			runOnlyForDeploymentPostprocessing = 0;
		};
/* End PBXFrameworksBuildPhase section */

/* Begin PBXGroup section */
		483A7564699DD00F91F804E6 /* Pods */ = {
			isa = PBXGroup;
			children = (
				7379C29FD24254F46D65EB40 /* Pods-Vizag Fintech Festival.debug.xcconfig */,
				4F70C9189ECCC0481565CA31 /* Pods-Vizag Fintech Festival.release.xcconfig */,
			);
			path = Pods;
			sourceTree = "<group>";
		};
		938E5E10A31621FF331E841A /* Frameworks */ = {
			isa = PBXGroup;
			children = (
				22D453E09BD68DB0AB45F90D /* Pods_Vizag_Fintech_Festival.framework */,
			);
			name = Frameworks;
			sourceTree = "<group>";
		};
		BC13AA0B2175F608003B0D9D /* Media Partners */ = {
			isa = PBXGroup;
			children = (
				BC13AA052175EA4A003B0D9D /* MediaList.swift */,
				BC13AA072175EB03003B0D9D /* MediaCell.swift */,
				BC13AA092175EC1E003B0D9D /* MediaDataModel.swift */,
			);
			path = "Media Partners";
			sourceTree = "<group>";
		};
		BC13AA0E2175FFD5003B0D9D /* Supporting Associations */ = {
			isa = PBXGroup;
			children = (
				BC13AA0C2175FF84003B0D9D /* SupportingAssociationsList.swift */,
				BC13AA0F217600F7003B0D9D /* SupportingAssociatesCell1.swift */,
				BC13AA1121760115003B0D9D /* SupportingAssociatesCell2.swift */,
				BC13AA13217603AB003B0D9D /* SupportingAssociatesDataModel1.swift */,
			);
			path = "Supporting Associations";
			sourceTree = "<group>";
		};
		BC13AA1521774984003B0D9D /* Past Events */ = {
			isa = PBXGroup;
			children = (
				BC13AA16217749A7003B0D9D /* PastEventsDataModel.swift */,
				BC13AA1821774A54003B0D9D /* PastEventsCell.swift */,
				BC13AA1A21774B1E003B0D9D /* PastEventsViewController.swift */,
			);
			path = "Past Events";
			sourceTree = "<group>";
		};
		BC13AA1C21775C27003B0D9D /* Festival Lineup */ = {
			isa = PBXGroup;
			children = (
				BC13AA1D21775C40003B0D9D /* CXOGolfViewController.swift */,
				BC13AA2221775C8D003B0D9D /* ReimagineViewController.swift */,
				BC13AA1F21775C6C003B0D9D /* CXORoundtableViewController.swift */,
			);
			path = "Festival Lineup";
			sourceTree = "<group>";
		};
		BC13AA2421776E75003B0D9D /* ConferenceAgenda */ = {
			isa = PBXGroup;
			children = (
				BCEA6486217A74A300E42084 /* ConferenceAgendaViewController2.swift */,
				BC13AA2521776E95003B0D9D /* ConferenceAgendaViewController.swift */,
				BC13AA2721776EB7003B0D9D /* AgendaDataModel.swift */,
				BC25775E21786B7500F27C4A /* AgendaCell.swift */,
			);
			path = ConferenceAgenda;
			sourceTree = "<group>";
		};
		BC1E4C0321721990008B2DA4 /* Speaker Lineup */ = {
			isa = PBXGroup;
			children = (
				BC610B9E216F9411007AC403 /* SpeakerList.swift */,
				BC610BA0216FA9E5007AC403 /* SpeakerDataModel.swift */,
				BC4CA1F42174C3330073E21E /* SpeakerCell.swift */,
			);
			path = "Speaker Lineup";
			sourceTree = "<group>";
		};
		BCF200FA216C6ADB00C9E49C = {
			isa = PBXGroup;
			children = (
				BCF20105216C6ADB00C9E49C /* Vizag Fintech Festival */,
				BCF20104216C6ADB00C9E49C /* Products */,
				483A7564699DD00F91F804E6 /* Pods */,
				938E5E10A31621FF331E841A /* Frameworks */,
			);
			sourceTree = "<group>";
		};
		BCF20104216C6ADB00C9E49C /* Products */ = {
			isa = PBXGroup;
			children = (
				BCF20103216C6ADB00C9E49C /* Vizag Fintech Festival.app */,
			);
			name = Products;
			sourceTree = "<group>";
		};
		BCF20105216C6ADB00C9E49C /* Vizag Fintech Festival */ = {
			isa = PBXGroup;
			children = (
				BC13AA2421776E75003B0D9D /* ConferenceAgenda */,
				BC13AA1C21775C27003B0D9D /* Festival Lineup */,
				BC13AA1521774984003B0D9D /* Past Events */,
				BC13AA0E2175FFD5003B0D9D /* Supporting Associations */,
				BC13AA0B2175F608003B0D9D /* Media Partners */,
				BC1E4C0321721990008B2DA4 /* Speaker Lineup */,
				BCF20106216C6ADB00C9E49C /* AppDelegate.swift */,
				BCF20108216C6ADB00C9E49C /* ViewController.swift */,
				BC13AA032175E957003B0D9D /* APIs.swift */,
				BC4CA1F0217498450073E21E /* HelpDeskViewController.swift */,
				BCF2010A216C6ADB00C9E49C /* Main.storyboard */,
				BCF2010D216C6AE100C9E49C /* Assets.xcassets */,
				BCF2010F216C6AE100C9E49C /* LaunchScreen.storyboard */,
				BCF20112216C6AE100C9E49C /* Info.plist */,
				BCCD4A14216E1A5A00EC330C /* FestivalLineup.swift */,
				BC610BA621700F04007AC403 /* PartnershipViewController.swift */,
				BC610BA821700FAB007AC403 /* BookYourSpaceViewController.swift */,
				BC610BAA217010B5007AC403 /* AttendTheConferenceViewController.swift */,
				BC2577602178914700F27C4A /* CXORegistrationForm.swift */,
				BC2577622178964200F27C4A /* RoundtableRegistrationForm.swift */,
				BC257764217898E600F27C4A /* ReimagineForm.swift */,
				BC25776A2178C18D00F27C4A /* LoginPage.swift */,
			);
			path = "Vizag Fintech Festival";
			sourceTree = "<group>";
		};
/* End PBXGroup section */

/* Begin PBXNativeTarget section */
		BCF20102216C6ADB00C9E49C /* Vizag Fintech Festival */ = {
			isa = PBXNativeTarget;
			buildConfigurationList = BCF20115216C6AE100C9E49C /* Build configuration list for PBXNativeTarget "Vizag Fintech Festival" */;
			buildPhases = (
				2DD4888B13753B71C24AC94F /* [CP] Check Pods Manifest.lock */,
				BCF200FF216C6ADB00C9E49C /* Sources */,
				BCF20100216C6ADB00C9E49C /* Frameworks */,
				BCF20101216C6ADB00C9E49C /* Resources */,
				39B9237E56BDA19DF1C73CB2 /* [CP] Embed Pods Frameworks */,
			);
			buildRules = (
			);
			dependencies = (
			);
			name = "Vizag Fintech Festival";
			productName = "Vizag Fintech Festival";
			productReference = BCF20103216C6ADB00C9E49C /* Vizag Fintech Festival.app */;
			productType = "com.apple.product-type.application";
		};
/* End PBXNativeTarget section */

/* Begin PBXProject section */
		BCF200FB216C6ADB00C9E49C /* Project object */ = {
			isa = PBXProject;
			attributes = {
				LastSwiftUpdateCheck = 1000;
				LastUpgradeCheck = 1000;
				ORGANIZATIONNAME = "Raghav Sethi";
				TargetAttributes = {
					BCF20102216C6ADB00C9E49C = {
						CreatedOnToolsVersion = 10.0;
					};
				};
			};
			buildConfigurationList = BCF200FE216C6ADB00C9E49C /* Build configuration list for PBXProject "Vizag Fintech Festival" */;
			compatibilityVersion = "Xcode 9.3";
			developmentRegion = en;
			hasScannedForEncodings = 0;
			knownRegions = (
				en,
				Base,
			);
			mainGroup = BCF200FA216C6ADB00C9E49C;
			productRefGroup = BCF20104216C6ADB00C9E49C /* Products */;
			projectDirPath = "";
			projectRoot = "";
			targets = (
				BCF20102216C6ADB00C9E49C /* Vizag Fintech Festival */,
			);
		};
/* End PBXProject section */

/* Begin PBXResourcesBuildPhase section */
		BCF20101216C6ADB00C9E49C /* Resources */ = {
			isa = PBXResourcesBuildPhase;
			buildActionMask = 2147483647;
			files = (
				BCF20111216C6AE100C9E49C /* LaunchScreen.storyboard in Resources */,
				BCF2010E216C6AE100C9E49C /* Assets.xcassets in Resources */,
				BCF2010C216C6ADB00C9E49C /* Main.storyboard in Resources */,
			);
			runOnlyForDeploymentPostprocessing = 0;
		};
/* End PBXResourcesBuildPhase section */

/* Begin PBXShellScriptBuildPhase section */
		2DD4888B13753B71C24AC94F /* [CP] Check Pods Manifest.lock */ = {
			isa = PBXShellScriptBuildPhase;
			buildActionMask = 2147483647;
			files = (
			);
			inputFileListPaths = (
			);
			inputPaths = (
				"${PODS_PODFILE_DIR_PATH}/Podfile.lock",
				"${PODS_ROOT}/Manifest.lock",
			);
			name = "[CP] Check Pods Manifest.lock";
			outputFileListPaths = (
			);
			outputPaths = (
				"$(DERIVED_FILE_DIR)/Pods-Vizag Fintech Festival-checkManifestLockResult.txt",
			);
			runOnlyForDeploymentPostprocessing = 0;
			shellPath = /bin/sh;
			shellScript = "diff \"${PODS_PODFILE_DIR_PATH}/Podfile.lock\" \"${PODS_ROOT}/Manifest.lock\" > /dev/null\nif [ $? != 0 ] ; then\n    # print error to STDERR\n    echo \"error: The sandbox is not in sync with the Podfile.lock. Run 'pod install' or update your CocoaPods installation.\" >&2\n    exit 1\nfi\n# This output is used by Xcode 'outputs' to avoid re-running this script phase.\necho \"SUCCESS\" > \"${SCRIPT_OUTPUT_FILE_0}\"\n";
			showEnvVarsInLog = 0;
		};
		39B9237E56BDA19DF1C73CB2 /* [CP] Embed Pods Frameworks */ = {
			isa = PBXShellScriptBuildPhase;
			buildActionMask = 2147483647;
			files = (
			);
			inputFileListPaths = (
			);
			inputPaths = (
				"${PODS_ROOT}/Target Support Files/Pods-Vizag Fintech Festival/Pods-Vizag Fintech Festival-frameworks.sh",
				"${BUILT_PRODUCTS_DIR}/Alamofire/Alamofire.framework",
				"${BUILT_PRODUCTS_DIR}/SwiftyJSON/SwiftyJSON.framework",
			);
			name = "[CP] Embed Pods Frameworks";
			outputFileListPaths = (
			);
			outputPaths = (
				"${TARGET_BUILD_DIR}/${FRAMEWORKS_FOLDER_PATH}/Alamofire.framework",
				"${TARGET_BUILD_DIR}/${FRAMEWORKS_FOLDER_PATH}/SwiftyJSON.framework",
			);
			runOnlyForDeploymentPostprocessing = 0;
			shellPath = /bin/sh;
			shellScript = "\"${PODS_ROOT}/Target Support Files/Pods-Vizag Fintech Festival/Pods-Vizag Fintech Festival-frameworks.sh\"\n";
			showEnvVarsInLog = 0;
		};
/* End PBXShellScriptBuildPhase section */

/* Begin PBXSourcesBuildPhase section */
		BCF200FF216C6ADB00C9E49C /* Sources */ = {
			isa = PBXSourcesBuildPhase;
			buildActionMask = 2147483647;
			files = (
				BC610BA721700F04007AC403 /* PartnershipViewController.swift in Sources */,
				BC13AA2821776EB7003B0D9D /* AgendaDataModel.swift in Sources */,
				BC13AA1B21774B1E003B0D9D /* PastEventsViewController.swift in Sources */,
				BC610BA1216FA9E5007AC403 /* SpeakerDataModel.swift in Sources */,
				BC610BAB217010B5007AC403 /* AttendTheConferenceViewController.swift in Sources */,
				BC13AA0D2175FF84003B0D9D /* SupportingAssociationsList.swift in Sources */,
				BC610BA921700FAB007AC403 /* BookYourSpaceViewController.swift in Sources */,
				BCF20109216C6ADB00C9E49C /* ViewController.swift in Sources */,
				BC13AA2621776E95003B0D9D /* ConferenceAgendaViewController.swift in Sources */,
				BCEA6487217A74A300E42084 /* ConferenceAgendaViewController2.swift in Sources */,
				BC13AA062175EA4A003B0D9D /* MediaList.swift in Sources */,
				BC25775F21786B7500F27C4A /* AgendaCell.swift in Sources */,
				BC13AA082175EB03003B0D9D /* MediaCell.swift in Sources */,
				BCCD4A15216E1A5A00EC330C /* FestivalLineup.swift in Sources */,
				BC4CA1F1217498450073E21E /* HelpDeskViewController.swift in Sources */,
				BC13AA0A2175EC1E003B0D9D /* MediaDataModel.swift in Sources */,
				BC25776B2178C18D00F27C4A /* LoginPage.swift in Sources */,
				BCF20107216C6ADB00C9E49C /* AppDelegate.swift in Sources */,
				BC610B9F216F9411007AC403 /* SpeakerList.swift in Sources */,
				BC257765217898E600F27C4A /* ReimagineForm.swift in Sources */,
				BC2577612178914700F27C4A /* CXORegistrationForm.swift in Sources */,
				BC13AA2021775C6C003B0D9D /* CXORoundtableViewController.swift in Sources */,
				BC13AA1921774A54003B0D9D /* PastEventsCell.swift in Sources */,
				BC13AA1E21775C40003B0D9D /* CXOGolfViewController.swift in Sources */,
				BC13AA1221760115003B0D9D /* SupportingAssociatesCell2.swift in Sources */,
				BC4CA1F52174C3330073E21E /* SpeakerCell.swift in Sources */,
				BC13AA17217749A7003B0D9D /* PastEventsDataModel.swift in Sources */,
				BC13AA14217603AB003B0D9D /* SupportingAssociatesDataModel1.swift in Sources */,
				BC13AA2321775C8D003B0D9D /* ReimagineViewController.swift in Sources */,
				BC13AA10217600F7003B0D9D /* SupportingAssociatesCell1.swift in Sources */,
				BC2577632178964200F27C4A /* RoundtableRegistrationForm.swift in Sources */,
				BC13AA042175E957003B0D9D /* APIs.swift in Sources */,
			);
			runOnlyForDeploymentPostprocessing = 0;
		};
/* End PBXSourcesBuildPhase section */

/* Begin PBXVariantGroup section */
		BCF2010A216C6ADB00C9E49C /* Main.storyboard */ = {
			isa = PBXVariantGroup;
			children = (
				BCF2010B216C6ADB00C9E49C /* Base */,
			);
			name = Main.storyboard;
			sourceTree = "<group>";
		};
		BCF2010F216C6AE100C9E49C /* LaunchScreen.storyboard */ = {
			isa = PBXVariantGroup;
			children = (
				BCF20110216C6AE100C9E49C /* Base */,
			);
			name = LaunchScreen.storyboard;
			sourceTree = "<group>";
		};
/* End PBXVariantGroup section */

/* Begin XCBuildConfiguration section */
		BCF20113216C6AE100C9E49C /* Debug */ = {
			isa = XCBuildConfiguration;
			buildSettings = {
				ALWAYS_SEARCH_USER_PATHS = NO;
				CLANG_ANALYZER_NONNULL = YES;
				CLANG_ANALYZER_NUMBER_OBJECT_CONVERSION = YES_AGGRESSIVE;
				CLANG_CXX_LANGUAGE_STANDARD = "gnu++14";
				CLANG_CXX_LIBRARY = "libc++";
				CLANG_ENABLE_MODULES = YES;
				CLANG_ENABLE_OBJC_ARC = YES;
				CLANG_ENABLE_OBJC_WEAK = YES;
				CLANG_WARN_BLOCK_CAPTURE_AUTORELEASING = YES;
				CLANG_WARN_BOOL_CONVERSION = YES;
				CLANG_WARN_COMMA = YES;
				CLANG_WARN_CONSTANT_CONVERSION = YES;
				CLANG_WARN_DEPRECATED_OBJC_IMPLEMENTATIONS = YES;
				CLANG_WARN_DIRECT_OBJC_ISA_USAGE = YES_ERROR;
				CLANG_WARN_DOCUMENTATION_COMMENTS = YES;
				CLANG_WARN_EMPTY_BODY = YES;
				CLANG_WARN_ENUM_CONVERSION = YES;
				CLANG_WARN_INFINITE_RECURSION = YES;
				CLANG_WARN_INT_CONVERSION = YES;
				CLANG_WARN_NON_LITERAL_NULL_CONVERSION = YES;
				CLANG_WARN_OBJC_IMPLICIT_RETAIN_SELF = YES;
				CLANG_WARN_OBJC_LITERAL_CONVERSION = YES;
				CLANG_WARN_OBJC_ROOT_CLASS = YES_ERROR;
				CLANG_WARN_RANGE_LOOP_ANALYSIS = YES;
				CLANG_WARN_STRICT_PROTOTYPES = YES;
				CLANG_WARN_SUSPICIOUS_MOVE = YES;
				CLANG_WARN_UNGUARDED_AVAILABILITY = YES_AGGRESSIVE;
				CLANG_WARN_UNREACHABLE_CODE = YES;
				CLANG_WARN__DUPLICATE_METHOD_MATCH = YES;
				CODE_SIGN_IDENTITY = "iPhone Developer";
				COPY_PHASE_STRIP = NO;
				DEBUG_INFORMATION_FORMAT = dwarf;
				ENABLE_STRICT_OBJC_MSGSEND = YES;
				ENABLE_TESTABILITY = YES;
				GCC_C_LANGUAGE_STANDARD = gnu11;
				GCC_DYNAMIC_NO_PIC = NO;
				GCC_NO_COMMON_BLOCKS = YES;
				GCC_OPTIMIZATION_LEVEL = 0;
				GCC_PREPROCESSOR_DEFINITIONS = (
					"DEBUG=1",
					"$(inherited)",
				);
				GCC_WARN_64_TO_32_BIT_CONVERSION = YES;
				GCC_WARN_ABOUT_RETURN_TYPE = YES_ERROR;
				GCC_WARN_UNDECLARED_SELECTOR = YES;
				GCC_WARN_UNINITIALIZED_AUTOS = YES_AGGRESSIVE;
				GCC_WARN_UNUSED_FUNCTION = YES;
				GCC_WARN_UNUSED_VARIABLE = YES;
				IPHONEOS_DEPLOYMENT_TARGET = 12.0;
				MTL_ENABLE_DEBUG_INFO = INCLUDE_SOURCE;
				MTL_FAST_MATH = YES;
				ONLY_ACTIVE_ARCH = YES;
				SDKROOT = iphoneos;
				SWIFT_ACTIVE_COMPILATION_CONDITIONS = DEBUG;
				SWIFT_ENABLE_BATCH_MODE = NO;
				SWIFT_OPTIMIZATION_LEVEL = "-Onone";
				SWIFT_VERSION = 4.2;
			};
			name = Debug;
		};
		BCF20114216C6AE100C9E49C /* Release */ = {
			isa = XCBuildConfiguration;
			buildSettings = {
				ALWAYS_SEARCH_USER_PATHS = NO;
				CLANG_ANALYZER_NONNULL = YES;
				CLANG_ANALYZER_NUMBER_OBJECT_CONVERSION = YES_AGGRESSIVE;
				CLANG_CXX_LANGUAGE_STANDARD = "gnu++14";
				CLANG_CXX_LIBRARY = "libc++";
				CLANG_ENABLE_MODULES = YES;
				CLANG_ENABLE_OBJC_ARC = YES;
				CLANG_ENABLE_OBJC_WEAK = YES;
				CLANG_WARN_BLOCK_CAPTURE_AUTORELEASING = YES;
				CLANG_WARN_BOOL_CONVERSION = YES;
				CLANG_WARN_COMMA = YES;
				CLANG_WARN_CONSTANT_CONVERSION = YES;
				CLANG_WARN_DEPRECATED_OBJC_IMPLEMENTATIONS = YES;
				CLANG_WARN_DIRECT_OBJC_ISA_USAGE = YES_ERROR;
				CLANG_WARN_DOCUMENTATION_COMMENTS = YES;
				CLANG_WARN_EMPTY_BODY = YES;
				CLANG_WARN_ENUM_CONVERSION = YES;
				CLANG_WARN_INFINITE_RECURSION = YES;
				CLANG_WARN_INT_CONVERSION = YES;
				CLANG_WARN_NON_LITERAL_NULL_CONVERSION = YES;
				CLANG_WARN_OBJC_IMPLICIT_RETAIN_SELF = YES;
				CLANG_WARN_OBJC_LITERAL_CONVERSION = YES;
				CLANG_WARN_OBJC_ROOT_CLASS = YES_ERROR;
				CLANG_WARN_RANGE_LOOP_ANALYSIS = YES;
				CLANG_WARN_STRICT_PROTOTYPES = YES;
				CLANG_WARN_SUSPICIOUS_MOVE = YES;
				CLANG_WARN_UNGUARDED_AVAILABILITY = YES_AGGRESSIVE;
				CLANG_WARN_UNREACHABLE_CODE = YES;
				CLANG_WARN__DUPLICATE_METHOD_MATCH = YES;
				CODE_SIGN_IDENTITY = "iPhone Developer";
				COPY_PHASE_STRIP = NO;
				DEBUG_INFORMATION_FORMAT = "dwarf-with-dsym";
				ENABLE_NS_ASSERTIONS = NO;
				ENABLE_STRICT_OBJC_MSGSEND = YES;
				GCC_C_LANGUAGE_STANDARD = gnu11;
				GCC_NO_COMMON_BLOCKS = YES;
				GCC_WARN_64_TO_32_BIT_CONVERSION = YES;
				GCC_WARN_ABOUT_RETURN_TYPE = YES_ERROR;
				GCC_WARN_UNDECLARED_SELECTOR = YES;
				GCC_WARN_UNINITIALIZED_AUTOS = YES_AGGRESSIVE;
				GCC_WARN_UNUSED_FUNCTION = YES;
				GCC_WARN_UNUSED_VARIABLE = YES;
				IPHONEOS_DEPLOYMENT_TARGET = 12.0;
				MTL_ENABLE_DEBUG_INFO = NO;
				MTL_FAST_MATH = YES;
				SDKROOT = iphoneos;
				SWIFT_COMPILATION_MODE = wholemodule;
				SWIFT_ENABLE_BATCH_MODE = NO;
				SWIFT_OPTIMIZATION_LEVEL = "-Onone";
				SWIFT_VERSION = 4.2;
				VALIDATE_PRODUCT = YES;
			};
			name = Release;
		};
		BCF20116216C6AE100C9E49C /* Debug */ = {
			isa = XCBuildConfiguration;
			baseConfigurationReference = 7379C29FD24254F46D65EB40 /* Pods-Vizag Fintech Festival.debug.xcconfig */;
			buildSettings = {
				CODE_SIGN_STYLE = Automatic;
				DEVELOPMENT_TEAM = 464HGZ97VY;
				INFOPLIST_FILE = "Vizag Fintech Festival/Info.plist";
				LD_RUNPATH_SEARCH_PATHS = (
					"$(inherited)",
					"@executable_path/Frameworks",
				);
				PRODUCT_BUNDLE_IDENTIFIER = "raghavsethi.com.Vizag-Fintech-Festival";
				PRODUCT_NAME = "$(TARGET_NAME)";
				SWIFT_COMPILATION_MODE = wholemodule;
				SWIFT_VERSION = 4.2;
				TARGETED_DEVICE_FAMILY = "1,2";
			};
			name = Debug;
		};
		BCF20117216C6AE100C9E49C /* Release */ = {
			isa = XCBuildConfiguration;
			baseConfigurationReference = 4F70C9189ECCC0481565CA31 /* Pods-Vizag Fintech Festival.release.xcconfig */;
			buildSettings = {
				CODE_SIGN_STYLE = Automatic;
				DEVELOPMENT_TEAM = 464HGZ97VY;
				INFOPLIST_FILE = "Vizag Fintech Festival/Info.plist";
				LD_RUNPATH_SEARCH_PATHS = (
					"$(inherited)",
					"@executable_path/Frameworks",
				);
				PRODUCT_BUNDLE_IDENTIFIER = "raghavsethi.com.Vizag-Fintech-Festival";
				PRODUCT_NAME = "$(TARGET_NAME)";
				SWIFT_VERSION = 4.2;
				TARGETED_DEVICE_FAMILY = "1,2";
			};
			name = Release;
		};
/* End XCBuildConfiguration section */

/* Begin XCConfigurationList section */
		BCF200FE216C6ADB00C9E49C /* Build configuration list for PBXProject "Vizag Fintech Festival" */ = {
			isa = XCConfigurationList;
			buildConfigurations = (
				BCF20113216C6AE100C9E49C /* Debug */,
				BCF20114216C6AE100C9E49C /* Release */,
			);
			defaultConfigurationIsVisible = 0;
			defaultConfigurationName = Release;
		};
		BCF20115216C6AE100C9E49C /* Build configuration list for PBXNativeTarget "Vizag Fintech Festival" */ = {
			isa = XCConfigurationList;
			buildConfigurations = (
				BCF20116216C6AE100C9E49C /* Debug */,
				BCF20117216C6AE100C9E49C /* Release */,
			);
			defaultConfigurationIsVisible = 0;
			defaultConfigurationName = Release;
		};
/* End XCConfigurationList section */
	};
	rootObject = BCF200FB216C6ADB00C9E49C /* Project object */;
}
